
Microsoft Visual Studio Solution File, Format Version 12.00
# Visual Studio Version 16
VisualStudioVersion = 16.0.30320.27
MinimumVisualStudioVersion = 10.0.40219.1
Project("{FAE04EC0-301F-11D3-BF4B-00C04F79EFBC}") = "XePKL", "XePKL\XePKL.csproj", "{A4E97404-0FAB-4453-BBCC-304F45277A13}"
EndProject
Project("{FAE04EC0-301F-11D3-BF4B-00C04F79EFBC}") = "Modell", "Modell\Modell.csproj", "{E42A8910-998F-467F-A654-61753ACC8CF3}"
EndProject
Global
	GlobalSection(SolutionConfigurationPlatforms) = preSolution
		Debug|Any CPU = Debug|Any CPU
		Release|Any CPU = Release|Any CPU
	EndGlobalSection
	GlobalSection(ProjectConfigurationPlatforms) = postSolution
		{A4E97404-0FAB-4453-BBCC-304F45277A13}.Debug|Any CPU.ActiveCfg = Debug|Any CPU
		{A4E97404-0FAB-4453-BBCC-304F45277A13}.Debug|Any CPU.Build.0 = Debug|Any CPU
		{A4E97404-0FAB-4453-BBCC-304F45277A13}.Release|Any CPU.ActiveCfg = Release|Any CPU
		{A4E97404-0FAB-4453-BBCC-304F45277A13}.Release|Any CPU.Build.0 = Release|Any CPU
		{E42A8910-998F-467F-A654-61753ACC8CF3}.Debug|Any CPU.ActiveCfg = Debug|Any CPU
		{E42A8910-998F-467F-A654-61753ACC8CF3}.Debug|Any CPU.Build.0 = Debug|Any CPU
		{E42A8910-998F-467F-A654-61753ACC8CF3}.Release|Any CPU.ActiveCfg = Release|Any CPU
		{E42A8910-998F-467F-A654-61753ACC8CF3}.Release|Any CPU.Build.0 = Release|Any CPU
	EndGlobalSection
	GlobalSection(SolutionProperties) = preSolution
		HideSolutionNode = FALSE
	EndGlobalSection
	GlobalSection(ExtensibilityGlobals) = postSolution
		SolutionGuid = {ED79D36B-5708-417C-AAE9-E3507C140565}
	EndGlobalSection
EndGlobal
